{
	"name": "@beyond-js/svelte-processor",
	"version": "1.0.0",
	"lockfileVersion": 3,
	"requires": true,
	"packages": {
		"": {
			"name": "@beyond-js/svelte-processor",
			"version": "1.0.0",
			"license": "MIT",
			"dependencies": {
				"@beyond-js/bundles-sdk": "^1.0.3"
			},
			"engines": {
				"node": ">=14.0.0"
			}
		},
		"node_modules/@beyond-js/bundles-sdk": {
			"version": "1.0.3",
			"resolved": "https://registry.npmjs.org/@beyond-js/bundles-sdk/-/bundles-sdk-1.0.3.tgz",
			"integrity": "sha512-ObrKosw0Z8an6MNU06+8pcM3zo/iJLIDZ97Ye6JBfuIFysOqxmdL+5yCTQ7q3ivD21e5VDywc9d8367EkR6CdA==",
			"dependencies": {
				"@beyond-js/code": "^0.0.1",
				"@beyond-js/crc32": "^0.0.1",
				"@beyond-js/equal": "^0.0.1",
				"@beyond-js/fs": "^0.0.1",
				"@beyond-js/ipc": "^0.0.2",
				"@beyond-js/md5": "^0.0.1"
			},
			"engines": {
				"node": ">=14.0.0"
			}
		},
		"node_modules/@beyond-js/code": {
			"version": "0.0.1",
			"resolved": "https://registry.npmjs.org/@beyond-js/code/-/code-0.0.1.tgz",
			"integrity": "sha512-KdaVPCBtPrmJHFHIpDx+bAw0eo8T0NaDKxPSoPtNx42KcL/yElbYcbhOOnECl9gvrAGyENlOVluCRbtSDJv31A=="
		},
		"node_modules/@beyond-js/crc32": {
			"version": "0.0.1",
			"resolved": "https://registry.npmjs.org/@beyond-js/crc32/-/crc32-0.0.1.tgz",
			"integrity": "sha512-tBk8q1VHJWyBUIlYTpY92lWB/BiHWhrlYJaK4x1gtuiAe/sqo95UcQb4YdLRvQzJFs/Lp1RMZIHzfuNUAHY9dg=="
		},
		"node_modules/@beyond-js/equal": {
			"version": "0.0.1",
			"resolved": "https://registry.npmjs.org/@beyond-js/equal/-/equal-0.0.1.tgz",
			"integrity": "sha512-gf8b0zoKvhHcDYKmAtVFY1uCJJBXvkIW3bbKwdEk8sjyiSUNSsncJlR0zR62Oif8SmeQI7oTSA/5tuhjstSR0Q=="
		},
		"node_modules/@beyond-js/fs": {
			"version": "0.0.1",
			"resolved": "https://registry.npmjs.org/@beyond-js/fs/-/fs-0.0.1.tgz",
			"integrity": "sha512-ktCTj7Z2IZMVW85oOI3ng6636b+CqqFyfCVyHRdECJY5r8rSFrqge7AUkYnDl5gXrifFSsFoQ9j76jIvCsbMXg=="
		},
		"node_modules/@beyond-js/ipc": {
			"version": "0.0.2",
			"resolved": "https://registry.npmjs.org/@beyond-js/ipc/-/ipc-0.0.2.tgz",
			"integrity": "sha512-JZq/Sr7NGHI3QoukonpVNDQlAmOluxi3+7jjeaClY8qjaXsdI+wHLBiEhj0LhleEvQATYOsoNCzgvcQX5wT5NQ=="
		},
		"node_modules/@beyond-js/md5": {
			"version": "0.0.1",
			"resolved": "https://registry.npmjs.org/@beyond-js/md5/-/md5-0.0.1.tgz",
			"integrity": "sha512-pW3l7xy9xxL9rC2fuojXTuzpWtijdpdwCmopn58YxgGcfAkmps0ZMYW+mQwkFbh5Y6ELXCLPXO/+scMqIE4JrQ=="
		}
	}
}
